
Microsoft Visual Studio Solution File, Format Version 12.00
Project("{2150E333-8FDC-42A3-9474-1A3956D46DE8}") = "src", "src", "{DE71BD0A-FDC8-4E7E-8195-B75A04783D17}"
EndProject
Project("{FAE04EC0-301F-11D3-BF4B-00C04F79EFBC}") = "Catalog.API", "Catalog.API\Catalog.API.csproj", "{06FBE5A5-C62C-4130-96F8-53BC0618B43A}"
EndProject
Project("{2150E333-8FDC-42A3-9474-1A3956D46DE8}") = "SDK", "SDK", "{6A777224-ACF5-4449-ACFC-EE64DC9906B5}"
EndProject
Project("{FAE04EC0-301F-11D3-BF4B-00C04F79EFBC}") = "SDK.Messaging", "SDK.Messaging\SDK.Messaging.csproj", "{5A49AC15-DFBF-435F-A5AF-268702BC65A0}"
EndProject
Project("{FAE04EC0-301F-11D3-BF4B-00C04F79EFBC}") = "SDK.Common", "SDK.Common\SDK.Common.csproj", "{89741C02-AB88-4266-AC71-043F457C7727}"
EndProject
Project("{FAE04EC0-301F-11D3-BF4B-00C04F79EFBC}") = "Basket.API", "src\Basket.API\Basket.API.csproj", "{89F0EB1A-354C-4149-A174-2A284CE6AB85}"
EndProject
Project("{FAE04EC0-301F-11D3-BF4B-00C04F79EFBC}") = "Ordering", "src\Ordering\Ordering.csproj", "{8B733E76-566C-492F-BA63-5CDC7135CFF7}"
EndProject
Project("{FAE04EC0-301F-11D3-BF4B-00C04F79EFBC}") = "Discount.Grpc", "src\Discount.Grpc\Discount.Grpc.csproj", "{23AEDA61-FB1E-4E40-8C1D-2306A76033F9}"
EndProject
Global
	GlobalSection(SolutionConfigurationPlatforms) = preSolution
		Debug|Any CPU = Debug|Any CPU
		Debug|x64 = Debug|x64
		Debug|x86 = Debug|x86
		Release|Any CPU = Release|Any CPU
		Release|x64 = Release|x64
		Release|x86 = Release|x86
	EndGlobalSection
	GlobalSection(ProjectConfigurationPlatforms) = postSolution
		{06FBE5A5-C62C-4130-96F8-53BC0618B43A}.Debug|Any CPU.ActiveCfg = Debug|Any CPU
		{06FBE5A5-C62C-4130-96F8-53BC0618B43A}.Debug|Any CPU.Build.0 = Debug|Any CPU
		{06FBE5A5-C62C-4130-96F8-53BC0618B43A}.Debug|x64.ActiveCfg = Debug|Any CPU
		{06FBE5A5-C62C-4130-96F8-53BC0618B43A}.Debug|x64.Build.0 = Debug|Any CPU
		{06FBE5A5-C62C-4130-96F8-53BC0618B43A}.Debug|x86.ActiveCfg = Debug|Any CPU
		{06FBE5A5-C62C-4130-96F8-53BC0618B43A}.Debug|x86.Build.0 = Debug|Any CPU
		{06FBE5A5-C62C-4130-96F8-53BC0618B43A}.Release|Any CPU.ActiveCfg = Release|Any CPU
		{06FBE5A5-C62C-4130-96F8-53BC0618B43A}.Release|Any CPU.Build.0 = Release|Any CPU
		{06FBE5A5-C62C-4130-96F8-53BC0618B43A}.Release|x64.ActiveCfg = Release|Any CPU
		{06FBE5A5-C62C-4130-96F8-53BC0618B43A}.Release|x64.Build.0 = Release|Any CPU
		{06FBE5A5-C62C-4130-96F8-53BC0618B43A}.Release|x86.ActiveCfg = Release|Any CPU
		{06FBE5A5-C62C-4130-96F8-53BC0618B43A}.Release|x86.Build.0 = Release|Any CPU
		{5A49AC15-DFBF-435F-A5AF-268702BC65A0}.Debug|Any CPU.ActiveCfg = Debug|Any CPU
		{5A49AC15-DFBF-435F-A5AF-268702BC65A0}.Debug|Any CPU.Build.0 = Debug|Any CPU
		{5A49AC15-DFBF-435F-A5AF-268702BC65A0}.Debug|x64.ActiveCfg = Debug|Any CPU
		{5A49AC15-DFBF-435F-A5AF-268702BC65A0}.Debug|x64.Build.0 = Debug|Any CPU
		{5A49AC15-DFBF-435F-A5AF-268702BC65A0}.Debug|x86.ActiveCfg = Debug|Any CPU
		{5A49AC15-DFBF-435F-A5AF-268702BC65A0}.Debug|x86.Build.0 = Debug|Any CPU
		{5A49AC15-DFBF-435F-A5AF-268702BC65A0}.Release|Any CPU.ActiveCfg = Release|Any CPU
		{5A49AC15-DFBF-435F-A5AF-268702BC65A0}.Release|Any CPU.Build.0 = Release|Any CPU
		{5A49AC15-DFBF-435F-A5AF-268702BC65A0}.Release|x64.ActiveCfg = Release|Any CPU
		{5A49AC15-DFBF-435F-A5AF-268702BC65A0}.Release|x64.Build.0 = Release|Any CPU
		{5A49AC15-DFBF-435F-A5AF-268702BC65A0}.Release|x86.ActiveCfg = Release|Any CPU
		{5A49AC15-DFBF-435F-A5AF-268702BC65A0}.Release|x86.Build.0 = Release|Any CPU
		{89741C02-AB88-4266-AC71-043F457C7727}.Debug|Any CPU.ActiveCfg = Debug|Any CPU
		{89741C02-AB88-4266-AC71-043F457C7727}.Debug|Any CPU.Build.0 = Debug|Any CPU
		{89741C02-AB88-4266-AC71-043F457C7727}.Debug|x64.ActiveCfg = Debug|Any CPU
		{89741C02-AB88-4266-AC71-043F457C7727}.Debug|x64.Build.0 = Debug|Any CPU
		{89741C02-AB88-4266-AC71-043F457C7727}.Debug|x86.ActiveCfg = Debug|Any CPU
		{89741C02-AB88-4266-AC71-043F457C7727}.Debug|x86.Build.0 = Debug|Any CPU
		{89741C02-AB88-4266-AC71-043F457C7727}.Release|Any CPU.ActiveCfg = Release|Any CPU
		{89741C02-AB88-4266-AC71-043F457C7727}.Release|Any CPU.Build.0 = Release|Any CPU
		{89741C02-AB88-4266-AC71-043F457C7727}.Release|x64.ActiveCfg = Release|Any CPU
		{89741C02-AB88-4266-AC71-043F457C7727}.Release|x64.Build.0 = Release|Any CPU
		{89741C02-AB88-4266-AC71-043F457C7727}.Release|x86.ActiveCfg = Release|Any CPU
		{89741C02-AB88-4266-AC71-043F457C7727}.Release|x86.Build.0 = Release|Any CPU
		{89F0EB1A-354C-4149-A174-2A284CE6AB85}.Debug|Any CPU.ActiveCfg = Debug|Any CPU
		{89F0EB1A-354C-4149-A174-2A284CE6AB85}.Debug|Any CPU.Build.0 = Debug|Any CPU
		{89F0EB1A-354C-4149-A174-2A284CE6AB85}.Debug|x64.ActiveCfg = Debug|Any CPU
		{89F0EB1A-354C-4149-A174-2A284CE6AB85}.Debug|x64.Build.0 = Debug|Any CPU
		{89F0EB1A-354C-4149-A174-2A284CE6AB85}.Debug|x86.ActiveCfg = Debug|Any CPU
		{89F0EB1A-354C-4149-A174-2A284CE6AB85}.Debug|x86.Build.0 = Debug|Any CPU
		{89F0EB1A-354C-4149-A174-2A284CE6AB85}.Release|Any CPU.ActiveCfg = Release|Any CPU
		{89F0EB1A-354C-4149-A174-2A284CE6AB85}.Release|Any CPU.Build.0 = Release|Any CPU
		{89F0EB1A-354C-4149-A174-2A284CE6AB85}.Release|x64.ActiveCfg = Release|Any CPU
		{89F0EB1A-354C-4149-A174-2A284CE6AB85}.Release|x64.Build.0 = Release|Any CPU
		{89F0EB1A-354C-4149-A174-2A284CE6AB85}.Release|x86.ActiveCfg = Release|Any CPU
		{89F0EB1A-354C-4149-A174-2A284CE6AB85}.Release|x86.Build.0 = Release|Any CPU
		{8B733E76-566C-492F-BA63-5CDC7135CFF7}.Debug|Any CPU.ActiveCfg = Debug|Any CPU
		{8B733E76-566C-492F-BA63-5CDC7135CFF7}.Debug|Any CPU.Build.0 = Debug|Any CPU
		{8B733E76-566C-492F-BA63-5CDC7135CFF7}.Debug|x64.ActiveCfg = Debug|Any CPU
		{8B733E76-566C-492F-BA63-5CDC7135CFF7}.Debug|x64.Build.0 = Debug|Any CPU
		{8B733E76-566C-492F-BA63-5CDC7135CFF7}.Debug|x86.ActiveCfg = Debug|Any CPU
		{8B733E76-566C-492F-BA63-5CDC7135CFF7}.Debug|x86.Build.0 = Debug|Any CPU
		{8B733E76-566C-492F-BA63-5CDC7135CFF7}.Release|Any CPU.ActiveCfg = Release|Any CPU
		{8B733E76-566C-492F-BA63-5CDC7135CFF7}.Release|Any CPU.Build.0 = Release|Any CPU
		{8B733E76-566C-492F-BA63-5CDC7135CFF7}.Release|x64.ActiveCfg = Release|Any CPU
		{8B733E76-566C-492F-BA63-5CDC7135CFF7}.Release|x64.Build.0 = Release|Any CPU
		{8B733E76-566C-492F-BA63-5CDC7135CFF7}.Release|x86.ActiveCfg = Release|Any CPU
		{8B733E76-566C-492F-BA63-5CDC7135CFF7}.Release|x86.Build.0 = Release|Any CPU
		{23AEDA61-FB1E-4E40-8C1D-2306A76033F9}.Debug|Any CPU.ActiveCfg = Debug|Any CPU
		{23AEDA61-FB1E-4E40-8C1D-2306A76033F9}.Debug|Any CPU.Build.0 = Debug|Any CPU
		{23AEDA61-FB1E-4E40-8C1D-2306A76033F9}.Debug|x64.ActiveCfg = Debug|Any CPU
		{23AEDA61-FB1E-4E40-8C1D-2306A76033F9}.Debug|x64.Build.0 = Debug|Any CPU
		{23AEDA61-FB1E-4E40-8C1D-2306A76033F9}.Debug|x86.ActiveCfg = Debug|Any CPU
		{23AEDA61-FB1E-4E40-8C1D-2306A76033F9}.Debug|x86.Build.0 = Debug|Any CPU
		{23AEDA61-FB1E-4E40-8C1D-2306A76033F9}.Release|Any CPU.ActiveCfg = Release|Any CPU
		{23AEDA61-FB1E-4E40-8C1D-2306A76033F9}.Release|Any CPU.Build.0 = Release|Any CPU
		{23AEDA61-FB1E-4E40-8C1D-2306A76033F9}.Release|x64.ActiveCfg = Release|Any CPU
		{23AEDA61-FB1E-4E40-8C1D-2306A76033F9}.Release|x64.Build.0 = Release|Any CPU
		{23AEDA61-FB1E-4E40-8C1D-2306A76033F9}.Release|x86.ActiveCfg = Release|Any CPU
		{23AEDA61-FB1E-4E40-8C1D-2306A76033F9}.Release|x86.Build.0 = Release|Any CPU
	EndGlobalSection
	GlobalSection(SolutionProperties) = preSolution
		HideSolutionNode = FALSE
	EndGlobalSection
	GlobalSection(NestedProjects) = preSolution
		{06FBE5A5-C62C-4130-96F8-53BC0618B43A} = {DE71BD0A-FDC8-4E7E-8195-B75A04783D17}
		{5A49AC15-DFBF-435F-A5AF-268702BC65A0} = {6A777224-ACF5-4449-ACFC-EE64DC9906B5}
		{89741C02-AB88-4266-AC71-043F457C7727} = {6A777224-ACF5-4449-ACFC-EE64DC9906B5}
		{89F0EB1A-354C-4149-A174-2A284CE6AB85} = {DE71BD0A-FDC8-4E7E-8195-B75A04783D17}
		{8B733E76-566C-492F-BA63-5CDC7135CFF7} = {DE71BD0A-FDC8-4E7E-8195-B75A04783D17}
		{23AEDA61-FB1E-4E40-8C1D-2306A76033F9} = {DE71BD0A-FDC8-4E7E-8195-B75A04783D17}
	EndGlobalSection
EndGlobal
